
Microsoft Visual Studio Solution File, Format Version 12.00
# Visual Studio Version 17
VisualStudioVersion = 17.14.36414.22 d17.14
MinimumVisualStudioVersion = 10.0.40219.1
Project("{FAE04EC0-301F-11D3-BF4B-00C04F79EFBC}") = "WpfMsgDisplay", "WpfMsgDisplay.csproj", "{FF6FDA72-059D-4DD4-893D-8F6792C942A4}"
EndProject
Global
	GlobalSection(SolutionConfigurationPlatforms) = preSolution
		Debug|Any CPU = Debug|Any CPU
		Release|Any CPU = Release|Any CPU
	EndGlobalSection
	GlobalSection(ProjectConfigurationPlatforms) = postSolution
		{FF6FDA72-059D-4DD4-893D-8F6792C942A4}.Debug|Any CPU.ActiveCfg = Debug|Any CPU
		{FF6FDA72-059D-4DD4-893D-8F6792C942A4}.Debug|Any CPU.Build.0 = Debug|Any CPU
		{FF6FDA72-059D-4DD4-893D-8F6792C942A4}.Release|Any CPU.ActiveCfg = Release|Any CPU
		{FF6FDA72-059D-4DD4-893D-8F6792C942A4}.Release|Any CPU.Build.0 = Release|Any CPU
	EndGlobalSection
	GlobalSection(SolutionProperties) = preSolution
		HideSolutionNode = FALSE
	EndGlobalSection
	GlobalSection(ExtensibilityGlobals) = postSolution
		SolutionGuid = {6D5A99C7-0073-41FF-A3C7-1DCD9082F593}
	EndGlobalSection
EndGlobal
